{
  "name": "utif",
  "version": "3.1.0",
  "lockfileVersion": 3,
  "requires": true,
  "packages": {
    "": {
      "name": "utif",
      "version": "3.1.0",
      "license": "MIT",
      "dependencies": {
        "geotiff.js": "^1.0.1",
        "pako": "^1.0.5",
        "tiff": "^7.1.2"
      }
    },
    "node_modules/geotiff.js": {
      "version": "1.0.1",
      "resolved": "https://registry.npmjs.org/geotiff.js/-/geotiff.js-1.0.1.tgz",
      "integrity": "sha512-zf9unbKZQQnLk/Jq2F0+aCClBLZdiLN29UJreU12QB163HzuY1WjHiAbrig8Hl/FeIhFzd8GBfa/6M/rlaLqMg==",
      "license": "MIT",
      "dependencies": {
        "pako": "^1.0.3",
        "xmldom": "0.1.*"
      }
    },
    "node_modules/iobuffer": {
      "version": "6.0.1",
      "resolved": "https://registry.npmjs.org/iobuffer/-/iobuffer-6.0.1.tgz",
      "integrity": "sha512-SZWYkWNfjIXIBYSDpXDYIgshqtbOPsi4lviawAEceR1Kqk+sHDlcQjWrzNQsii80AyBY0q5c8HCTNjqo74ul+Q==",
      "license": "MIT"
    },
    "node_modules/pako": {
      "version": "1.0.11",
      "resolved": "https://registry.npmjs.org/pako/-/pako-1.0.11.tgz",
      "integrity": "sha512-4hLB8Py4zZce5s4yd9XzopqwVv/yGNhV1Bl8NTmCq1763HeK2+EwVTv+leGeL13Dnh2wfbqowVPXCIO0z4taYw==",
      "license": "(MIT AND Zlib)"
    },
    "node_modules/tiff": {
      "version": "7.1.2",
      "resolved": "https://registry.npmjs.org/tiff/-/tiff-7.1.2.tgz",
      "integrity": "sha512-E5rXZJJc3Il0eR4u30PLE6R8DOx/IFyjgS1JhyYvKSEVAAHLTXVwGgZRmLE//K8Pt8d+y4M0Xae30wNGb9Qmxg==",
      "license": "MIT",
      "dependencies": {
        "iobuffer": "^6.0.0",
        "pako": "^2.1.0"
      }
    },
    "node_modules/tiff/node_modules/pako": {
      "version": "2.1.0",
      "resolved": "https://registry.npmjs.org/pako/-/pako-2.1.0.tgz",
      "integrity": "sha512-w+eufiZ1WuJYgPXbV/PO3NCMEc3xqylkKHzp8bxp1uW4qaSNQUkwmLLEc3kKsfz8lpV1F8Ht3U1Cm+9Srog2ug==",
      "license": "(MIT AND Zlib)"
    },
    "node_modules/xmldom": {
      "version": "0.1.31",
      "resolved": "https://registry.npmjs.org/xmldom/-/xmldom-0.1.31.tgz",
      "integrity": "sha512-yS2uJflVQs6n+CyjHoaBmVSqIDevTAWrzMmjG1Gc7h1qQ7uVozNhEPJAwZXWyGQ/Gafo3fCwrcaokezLPupVyQ==",
      "deprecated": "Deprecated due to CVE-2021-21366 resolved in 0.5.0",
      "license": "(LGPL-2.0 or MIT)",
      "engines": {
        "node": ">=0.1"
      }
    }
  }
}
